<Solution>
  <Folder Name="/1-Domain/">
    <Project Path="Footbally-Domain/Footbally-Domain.csproj" />
  </Folder>
  <Folder Name="/2-DataAccess/">
    <Project Path="Footbally-Infrastructure/Footbally-Infrastructure.csproj" />
    <Project Path="Footbally-Repository/Footbally-Repository.csproj" />
  </Folder>
  <Folder Name="/3-Service/">
    <Project Path="Footbally-Service/Footbally-Service.csproj" />
  </Folder>
  <Folder Name="/4-Presentation/">
    <Project Path="Footbally-WebApp/Footbally-WebApp.csproj" />
  </Folder>
</Solution>
